
Microsoft Visual Studio Solution File, Format Version 12.00
# Visual Studio Version 16
VisualStudioVersion = 16.0.30711.63
MinimumVisualStudioVersion = 10.0.40219.1
Project("{FAE04EC0-301F-11D3-BF4B-00C04F79EFBC}") = "SalesTax", "SalesTax\SalesTax.csproj", "{FE2FE524-E30C-4D9B-B65B-123AB182F8D7}"
EndProject
Project("{9A19103F-16F7-4668-BE54-9A1E7A4F7556}") = "SalesTaxTest", "SalesTaxTest\SalesTaxTest.csproj", "{E2EA4749-D855-472D-8297-DD940B8E6AB7}"
EndProject
Project("{FAE04EC0-301F-11D3-BF4B-00C04F79EFBC}") = "SalesTaxGUITest", "SalesTaxGUITest\SalesTaxGUITest.csproj", "{9F8BCDEB-3B33-49DE-BC98-7D5070082AF7}"
EndProject
Global
	GlobalSection(SolutionConfigurationPlatforms) = preSolution
		Debug|Any CPU = Debug|Any CPU
		Release|Any CPU = Release|Any CPU
	EndGlobalSection
	GlobalSection(ProjectConfigurationPlatforms) = postSolution
		{FE2FE524-E30C-4D9B-B65B-123AB182F8D7}.Debug|Any CPU.ActiveCfg = Debug|Any CPU
		{FE2FE524-E30C-4D9B-B65B-123AB182F8D7}.Debug|Any CPU.Build.0 = Debug|Any CPU
		{FE2FE524-E30C-4D9B-B65B-123AB182F8D7}.Release|Any CPU.ActiveCfg = Release|Any CPU
		{FE2FE524-E30C-4D9B-B65B-123AB182F8D7}.Release|Any CPU.Build.0 = Release|Any CPU
		{E2EA4749-D855-472D-8297-DD940B8E6AB7}.Debug|Any CPU.ActiveCfg = Debug|Any CPU
		{E2EA4749-D855-472D-8297-DD940B8E6AB7}.Debug|Any CPU.Build.0 = Debug|Any CPU
		{E2EA4749-D855-472D-8297-DD940B8E6AB7}.Release|Any CPU.ActiveCfg = Release|Any CPU
		{E2EA4749-D855-472D-8297-DD940B8E6AB7}.Release|Any CPU.Build.0 = Release|Any CPU
		{9F8BCDEB-3B33-49DE-BC98-7D5070082AF7}.Debug|Any CPU.ActiveCfg = Debug|Any CPU
		{9F8BCDEB-3B33-49DE-BC98-7D5070082AF7}.Debug|Any CPU.Build.0 = Debug|Any CPU
		{9F8BCDEB-3B33-49DE-BC98-7D5070082AF7}.Release|Any CPU.ActiveCfg = Release|Any CPU
		{9F8BCDEB-3B33-49DE-BC98-7D5070082AF7}.Release|Any CPU.Build.0 = Release|Any CPU
	EndGlobalSection
	GlobalSection(SolutionProperties) = preSolution
		HideSolutionNode = FALSE
	EndGlobalSection
	GlobalSection(ExtensibilityGlobals) = postSolution
		SolutionGuid = {4F0BA68A-1CFA-4B9C-AF09-FCAECB0B07E9}
	EndGlobalSection
EndGlobal
